
Microsoft Visual Studio Solution File, Format Version 12.00
# Visual Studio 15
VisualStudioVersion = 15.0.28307.1401
MinimumVisualStudioVersion = 10.0.40219.1
Project("{FAE04EC0-301F-11D3-BF4B-00C04F79EFBC}") = "WebDienThoaiCDIO5", "WebDienThoaiCDIO5\WebDienThoaiCDIO5.csproj", "{1DAD3502-9030-4B18-AE0B-F5919AC47583}"
EndProject
Global
	GlobalSection(SolutionConfigurationPlatforms) = preSolution
		Debug|Any CPU = Debug|Any CPU
		Release|Any CPU = Release|Any CPU
	EndGlobalSection
	GlobalSection(ProjectConfigurationPlatforms) = postSolution
		{1DAD3502-9030-4B18-AE0B-F5919AC47583}.Debug|Any CPU.ActiveCfg = Debug|Any CPU
		{1DAD3502-9030-4B18-AE0B-F5919AC47583}.Debug|Any CPU.Build.0 = Debug|Any CPU
		{1DAD3502-9030-4B18-AE0B-F5919AC47583}.Release|Any CPU.ActiveCfg = Release|Any CPU
		{1DAD3502-9030-4B18-AE0B-F5919AC47583}.Release|Any CPU.Build.0 = Release|Any CPU
	EndGlobalSection
	GlobalSection(SolutionProperties) = preSolution
		HideSolutionNode = FALSE
	EndGlobalSection
	GlobalSection(ExtensibilityGlobals) = postSolution
		SolutionGuid = {BDEBB2A4-29EC-49D9-830F-A2B740E0EC65}
	EndGlobalSection
EndGlobal
